// !$*UTF8*$!
{
	archiveVersion = 1;
	classes = {
	};
	objectVersion = 44;
	objects = {

/* Begin PBXBuildFile section */
		0091D8F90E81B9330029341E /* OpenGL.framework in Frameworks */ = {isa = PBXBuildFile; fileRef = 0091D8F80E81B9330029341E /* OpenGL.framework */; };
		0097E3E50F3E9819005A4392 /* QuickTime.framework in Frameworks */ = {isa = PBXBuildFile; fileRef = 0097E3E40F3E9819005A4392 /* QuickTime.framework */; };
		00B784B30FF439BC000DE1D7 /* Accelerate.framework in Frameworks */ = {isa = PBXBuildFile; fileRef = 00B784AF0FF439BC000DE1D7 /* Accelerate.framework */; };
		00B784B40FF439BC000DE1D7 /* AudioToolbox.framework in Frameworks */ = {isa = PBXBuildFile; fileRef = 00B784B00FF439BC000DE1D7 /* AudioToolbox.framework */; };
		00B784B50FF439BC000DE1D7 /* AudioUnit.framework in Frameworks */ = {isa = PBXBuildFile; fileRef = 00B784B10FF439BC000DE1D7 /* AudioUnit.framework */; };
		00B784B60FF439BC000DE1D7 /* CoreAudio.framework in Frameworks */ = {isa = PBXBuildFile; fileRef = 00B784B20FF439BC000DE1D7 /* CoreAudio.framework */; };
		00BAE65A0E7ED9C10018A608 /* targeterApp.cpp in Sources */ = {isa = PBXBuildFile; fileRef = 00BAE6590E7ED9C10018A608 /* targeterApp.cpp */; };
		00CCAF15116A9FEE008396D5 /* CinderApp.icns in Resources */ = {isa = PBXBuildFile; fileRef = 00CCAF14116A9FEE008396D5 /* CinderApp.icns */; };
		5323E6B20EAFCA74003A9687 /* CoreVideo.framework in Frameworks */ = {isa = PBXBuildFile; fileRef = 5323E6B10EAFCA74003A9687 /* CoreVideo.framework */; };
		5323E6B60EAFCA7E003A9687 /* QTKit.framework in Frameworks */ = {isa = PBXBuildFile; fileRef = 5323E6B50EAFCA7E003A9687 /* QTKit.framework */; };
		53E3CDFC0E86099300238D2B /* Carbon.framework in Frameworks */ = {isa = PBXBuildFile; fileRef = 53E3CDFB0E86099300238D2B /* Carbon.framework */; };
		8D11072F0486CEB800E47090 /* Cocoa.framework in Frameworks */ = {isa = PBXBuildFile; fileRef = 1058C7A1FEA54F0111CA2CBB /* Cocoa.framework */; };
		A1164451137FBE5100859CC6 /* CapturingDevice.cpp in Sources */ = {isa = PBXBuildFile; fileRef = A1164450137FBE5100859CC6 /* CapturingDevice.cpp */; };
		A11644FB13804C2600859CC6 /* ImageScanner.cpp in Sources */ = {isa = PBXBuildFile; fileRef = A11644FA13804C2600859CC6 /* ImageScanner.cpp */; };
		A116463B1381D00100859CC6 /* aGest.xml in Resources */ = {isa = PBXBuildFile; fileRef = A116463A1381D00100859CC6 /* aGest.xml */; };
		A11647251382A08700859CC6 /* libboost_date_time.a in Frameworks */ = {isa = PBXBuildFile; fileRef = A11646FB1382A08700859CC6 /* libboost_date_time.a */; };
		A11647261382A08700859CC6 /* libboost_filesystem.a in Frameworks */ = {isa = PBXBuildFile; fileRef = A11646FC1382A08700859CC6 /* libboost_filesystem.a */; };
		A11647271382A08700859CC6 /* libboost_system.a in Frameworks */ = {isa = PBXBuildFile; fileRef = A11646FD1382A08700859CC6 /* libboost_system.a */; };
		A11647281382A08700859CC6 /* libboost_thread.a in Frameworks */ = {isa = PBXBuildFile; fileRef = A11646FE1382A08700859CC6 /* libboost_thread.a */; };
		A11647291382A08700859CC6 /* libboost_date_time.a in Frameworks */ = {isa = PBXBuildFile; fileRef = A11647001382A08700859CC6 /* libboost_date_time.a */; };
		A116472A1382A08700859CC6 /* libboost_filesystem.a in Frameworks */ = {isa = PBXBuildFile; fileRef = A11647011382A08700859CC6 /* libboost_filesystem.a */; };
		A116472B1382A08700859CC6 /* libboost_system.a in Frameworks */ = {isa = PBXBuildFile; fileRef = A11647021382A08700859CC6 /* libboost_system.a */; };
		A116472C1382A08700859CC6 /* libboost_thread.a in Frameworks */ = {isa = PBXBuildFile; fileRef = A11647031382A08700859CC6 /* libboost_thread.a */; };
		A116472D1382A08700859CC6 /* libboost_date_time.a in Frameworks */ = {isa = PBXBuildFile; fileRef = A11647051382A08700859CC6 /* libboost_date_time.a */; };
		A116472E1382A08700859CC6 /* libboost_filesystem.a in Frameworks */ = {isa = PBXBuildFile; fileRef = A11647061382A08700859CC6 /* libboost_filesystem.a */; };
		A116472F1382A08700859CC6 /* libboost_system.a in Frameworks */ = {isa = PBXBuildFile; fileRef = A11647071382A08700859CC6 /* libboost_system.a */; };
		A11647301382A08700859CC6 /* libboost_thread.a in Frameworks */ = {isa = PBXBuildFile; fileRef = A11647081382A08700859CC6 /* libboost_thread.a */; };
		A11647311382A08700859CC6 /* libcairo.a in Frameworks */ = {isa = PBXBuildFile; fileRef = A11647091382A08700859CC6 /* libcairo.a */; };
		A11647321382A08700859CC6 /* libpixman-1.a in Frameworks */ = {isa = PBXBuildFile; fileRef = A116470A1382A08700859CC6 /* libpixman-1.a */; };
		A11647331382A08700859CC6 /* libpng14.a in Frameworks */ = {isa = PBXBuildFile; fileRef = A116470B1382A08700859CC6 /* libpng14.a */; };
		A11647341382A08700859CC6 /* libz.a in Frameworks */ = {isa = PBXBuildFile; fileRef = A116470C1382A08700859CC6 /* libz.a */; };
		A11647351382A08700859CC6 /* atls.lib in Frameworks */ = {isa = PBXBuildFile; fileRef = A116470E1382A08700859CC6 /* atls.lib */; };
		A11647361382A08700859CC6 /* atlthunk.lib in Frameworks */ = {isa = PBXBuildFile; fileRef = A116470F1382A08700859CC6 /* atlthunk.lib */; };
		A11647371382A08700859CC6 /* cairo-static.lib in Frameworks */ = {isa = PBXBuildFile; fileRef = A11647101382A08700859CC6 /* cairo-static.lib */; };
		A11647381382A08700859CC6 /* libboost_date_time-vc100-mt-s-1_44.lib in Frameworks */ = {isa = PBXBuildFile; fileRef = A11647111382A08700859CC6 /* libboost_date_time-vc100-mt-s-1_44.lib */; };
		A11647391382A08700859CC6 /* libboost_date_time-vc100-mt-sgd-1_44.lib in Frameworks */ = {isa = PBXBuildFile; fileRef = A11647121382A08700859CC6 /* libboost_date_time-vc100-mt-sgd-1_44.lib */; };
		A116473A1382A08700859CC6 /* libboost_date_time-vc90-mt-s-1_44.lib in Frameworks */ = {isa = PBXBuildFile; fileRef = A11647131382A08700859CC6 /* libboost_date_time-vc90-mt-s-1_44.lib */; };
		A116473B1382A08700859CC6 /* libboost_date_time-vc90-mt-sgd-1_44.lib in Frameworks */ = {isa = PBXBuildFile; fileRef = A11647141382A08700859CC6 /* libboost_date_time-vc90-mt-sgd-1_44.lib */; };
		A116473C1382A08700859CC6 /* libboost_filesystem-vc100-mt-s-1_44.lib in Frameworks */ = {isa = PBXBuildFile; fileRef = A11647151382A08700859CC6 /* libboost_filesystem-vc100-mt-s-1_44.lib */; };
		A116473D1382A08700859CC6 /* libboost_filesystem-vc100-mt-sgd-1_44.lib in Frameworks */ = {isa = PBXBuildFile; fileRef = A11647161382A08700859CC6 /* libboost_filesystem-vc100-mt-sgd-1_44.lib */; };
		A116473E1382A08700859CC6 /* libboost_filesystem-vc90-mt-s-1_44.lib in Frameworks */ = {isa = PBXBuildFile; fileRef = A11647171382A08700859CC6 /* libboost_filesystem-vc90-mt-s-1_44.lib */; };
		A116473F1382A08700859CC6 /* libboost_filesystem-vc90-mt-sgd-1_44.lib in Frameworks */ = {isa = PBXBuildFile; fileRef = A11647181382A08700859CC6 /* libboost_filesystem-vc90-mt-sgd-1_44.lib */; };
		A11647401382A08700859CC6 /* libboost_system-vc100-mt-s-1_44.lib in Frameworks */ = {isa = PBXBuildFile; fileRef = A11647191382A08700859CC6 /* libboost_system-vc100-mt-s-1_44.lib */; };
		A11647411382A08700859CC6 /* libboost_system-vc100-mt-sgd-1_44.lib in Frameworks */ = {isa = PBXBuildFile; fileRef = A116471A1382A08700859CC6 /* libboost_system-vc100-mt-sgd-1_44.lib */; };
		A11647421382A08700859CC6 /* libboost_system-vc90-mt-s-1_44.lib in Frameworks */ = {isa = PBXBuildFile; fileRef = A116471B1382A08700859CC6 /* libboost_system-vc90-mt-s-1_44.lib */; };
		A11647431382A08700859CC6 /* libboost_system-vc90-mt-sgd-1_44.lib in Frameworks */ = {isa = PBXBuildFile; fileRef = A116471C1382A08700859CC6 /* libboost_system-vc90-mt-sgd-1_44.lib */; };
		A11647441382A08700859CC6 /* libboost_thread-vc100-mt-s-1_44.lib in Frameworks */ = {isa = PBXBuildFile; fileRef = A116471D1382A08700859CC6 /* libboost_thread-vc100-mt-s-1_44.lib */; };
		A11647451382A08700859CC6 /* libboost_thread-vc100-mt-sgd-1_44.lib in Frameworks */ = {isa = PBXBuildFile; fileRef = A116471E1382A08700859CC6 /* libboost_thread-vc100-mt-sgd-1_44.lib */; };
		A11647461382A08700859CC6 /* libboost_thread-vc90-mt-s-1_44.lib in Frameworks */ = {isa = PBXBuildFile; fileRef = A116471F1382A08700859CC6 /* libboost_thread-vc90-mt-s-1_44.lib */; };
		A11647471382A08700859CC6 /* libboost_thread-vc90-mt-sgd-1_44.lib in Frameworks */ = {isa = PBXBuildFile; fileRef = A11647201382A08700859CC6 /* libboost_thread-vc90-mt-sgd-1_44.lib */; };
		A11647481382A08700859CC6 /* libpng.lib in Frameworks */ = {isa = PBXBuildFile; fileRef = A11647211382A08700859CC6 /* libpng.lib */; };
		A11647491382A08700859CC6 /* pixman-1.lib in Frameworks */ = {isa = PBXBuildFile; fileRef = A11647221382A08700859CC6 /* pixman-1.lib */; };
		A116474A1382A08700859CC6 /* Wldap32.Lib in Frameworks */ = {isa = PBXBuildFile; fileRef = A11647231382A08700859CC6 /* Wldap32.Lib */; };
		A116474B1382A08800859CC6 /* zlib.lib in Frameworks */ = {isa = PBXBuildFile; fileRef = A11647241382A08700859CC6 /* zlib.lib */; };
		A11647921382A0A300859CC6 /* libcv.a in Frameworks */ = {isa = PBXBuildFile; fileRef = A11647681382A0A300859CC6 /* libcv.a */; };
		A11647931382A0A300859CC6 /* libcvaux.a in Frameworks */ = {isa = PBXBuildFile; fileRef = A11647691382A0A300859CC6 /* libcvaux.a */; };
		A11647941382A0A300859CC6 /* libcxcore.a in Frameworks */ = {isa = PBXBuildFile; fileRef = A116476A1382A0A300859CC6 /* libcxcore.a */; };
		A11647951382A0A300859CC6 /* libml.a in Frameworks */ = {isa = PBXBuildFile; fileRef = A116476B1382A0A300859CC6 /* libml.a */; };
		A11647961382A0A300859CC6 /* libcv.a in Frameworks */ = {isa = PBXBuildFile; fileRef = A116476D1382A0A300859CC6 /* libcv.a */; };
		A11647971382A0A300859CC6 /* libcvaux.a in Frameworks */ = {isa = PBXBuildFile; fileRef = A116476E1382A0A300859CC6 /* libcvaux.a */; };
		A11647981382A0A300859CC6 /* libcxcore.a in Frameworks */ = {isa = PBXBuildFile; fileRef = A116476F1382A0A300859CC6 /* libcxcore.a */; };
		A11647991382A0A300859CC6 /* libml.a in Frameworks */ = {isa = PBXBuildFile; fileRef = A11647701382A0A300859CC6 /* libml.a */; };
		A116479A1382A0A300859CC6 /* libcv.a in Frameworks */ = {isa = PBXBuildFile; fileRef = A11647721382A0A300859CC6 /* libcv.a */; };
		A116479B1382A0A300859CC6 /* libcvaux.a in Frameworks */ = {isa = PBXBuildFile; fileRef = A11647731382A0A300859CC6 /* libcvaux.a */; };
		A116479C1382A0A300859CC6 /* libcvhaartraining.a in Frameworks */ = {isa = PBXBuildFile; fileRef = A11647741382A0A300859CC6 /* libcvhaartraining.a */; };
		A116479D1382A0A300859CC6 /* libcxcore.a in Frameworks */ = {isa = PBXBuildFile; fileRef = A11647751382A0A300859CC6 /* libcxcore.a */; };
		A116479E1382A0A300859CC6 /* libhighgui.a in Frameworks */ = {isa = PBXBuildFile; fileRef = A11647761382A0A300859CC6 /* libhighgui.a */; };
		A116479F1382A0A300859CC6 /* libml.a in Frameworks */ = {isa = PBXBuildFile; fileRef = A11647771382A0A300859CC6 /* libml.a */; };
		A11647A01382A0A300859CC6 /* cv210.lib in Frameworks */ = {isa = PBXBuildFile; fileRef = A11647791382A0A300859CC6 /* cv210.lib */; };
		A11647A11382A0A300859CC6 /* cv210d.lib in Frameworks */ = {isa = PBXBuildFile; fileRef = A116477A1382A0A300859CC6 /* cv210d.lib */; };
		A11647A21382A0A300859CC6 /* cvaux210.lib in Frameworks */ = {isa = PBXBuildFile; fileRef = A116477B1382A0A300859CC6 /* cvaux210.lib */; };
		A11647A31382A0A300859CC6 /* cvaux210d.lib in Frameworks */ = {isa = PBXBuildFile; fileRef = A116477C1382A0A300859CC6 /* cvaux210d.lib */; };
		A11647A41382A0A300859CC6 /* cxcore210.lib in Frameworks */ = {isa = PBXBuildFile; fileRef = A116477D1382A0A300859CC6 /* cxcore210.lib */; };
		A11647A51382A0A300859CC6 /* cxcore210d.lib in Frameworks */ = {isa = PBXBuildFile; fileRef = A116477E1382A0A300859CC6 /* cxcore210d.lib */; };
		A11647A61382A0A300859CC6 /* flann.lib in Frameworks */ = {isa = PBXBuildFile; fileRef = A116477F1382A0A300859CC6 /* flann.lib */; };
		A11647A71382A0A300859CC6 /* flannd.lib in Frameworks */ = {isa = PBXBuildFile; fileRef = A11647801382A0A300859CC6 /* flannd.lib */; };
		A11647A81382A0A300859CC6 /* ml210.lib in Frameworks */ = {isa = PBXBuildFile; fileRef = A11647811382A0A300859CC6 /* ml210.lib */; };
		A11647A91382A0A300859CC6 /* ml210d.lib in Frameworks */ = {isa = PBXBuildFile; fileRef = A11647821382A0A300859CC6 /* ml210d.lib */; };
		A11647AA1382A0A300859CC6 /* opencv_lapack.lib in Frameworks */ = {isa = PBXBuildFile; fileRef = A11647831382A0A300859CC6 /* opencv_lapack.lib */; };
		A11647AB1382A0A300859CC6 /* opencv_lapackd.lib in Frameworks */ = {isa = PBXBuildFile; fileRef = A11647841382A0A300859CC6 /* opencv_lapackd.lib */; };
		A11647AC1382A0A300859CC6 /* cv210.lib in Frameworks */ = {isa = PBXBuildFile; fileRef = A11647861382A0A300859CC6 /* cv210.lib */; };
		A11647AD1382A0A300859CC6 /* cv210d.lib in Frameworks */ = {isa = PBXBuildFile; fileRef = A11647871382A0A300859CC6 /* cv210d.lib */; };
		A11647AE1382A0A300859CC6 /* cvaux210.lib in Frameworks */ = {isa = PBXBuildFile; fileRef = A11647881382A0A300859CC6 /* cvaux210.lib */; };
		A11647AF1382A0A300859CC6 /* cvaux210d.lib in Frameworks */ = {isa = PBXBuildFile; fileRef = A11647891382A0A300859CC6 /* cvaux210d.lib */; };
		A11647B01382A0A300859CC6 /* cxcore210.lib in Frameworks */ = {isa = PBXBuildFile; fileRef = A116478A1382A0A300859CC6 /* cxcore210.lib */; };
		A11647B11382A0A300859CC6 /* cxcore210d.lib in Frameworks */ = {isa = PBXBuildFile; fileRef = A116478B1382A0A300859CC6 /* cxcore210d.lib */; };
		A11647B21382A0A300859CC6 /* flann.lib in Frameworks */ = {isa = PBXBuildFile; fileRef = A116478C1382A0A300859CC6 /* flann.lib */; };
		A11647B31382A0A300859CC6 /* flannd.lib in Frameworks */ = {isa = PBXBuildFile; fileRef = A116478D1382A0A300859CC6 /* flannd.lib */; };
		A11647B41382A0A300859CC6 /* ml210.lib in Frameworks */ = {isa = PBXBuildFile; fileRef = A116478E1382A0A300859CC6 /* ml210.lib */; };
		A11647B51382A0A300859CC6 /* ml210d.lib in Frameworks */ = {isa = PBXBuildFile; fileRef = A116478F1382A0A300859CC6 /* ml210d.lib */; };
		A11647B61382A0A300859CC6 /* opencv_lapack.lib in Frameworks */ = {isa = PBXBuildFile; fileRef = A11647901382A0A300859CC6 /* opencv_lapack.lib */; };
		A11647B71382A0A300859CC6 /* opencv_lapackd.lib in Frameworks */ = {isa = PBXBuildFile; fileRef = A11647911382A0A300859CC6 /* opencv_lapackd.lib */; };
		A1D833251383050C00BF0B35 /* haarcascade_eye.xml in Resources */ = {isa = PBXBuildFile; fileRef = A1D833121383050C00BF0B35 /* haarcascade_eye.xml */; };
		A1D833261383050C00BF0B35 /* haarcascade_eye_tree_eyeglasses.xml in Resources */ = {isa = PBXBuildFile; fileRef = A1D833131383050C00BF0B35 /* haarcascade_eye_tree_eyeglasses.xml */; };
		A1D833271383050C00BF0B35 /* haarcascade_frontalface_alt.xml in Resources */ = {isa = PBXBuildFile; fileRef = A1D833141383050C00BF0B35 /* haarcascade_frontalface_alt.xml */; };
		A1D833281383050C00BF0B35 /* haarcascade_frontalface_alt2.xml in Resources */ = {isa = PBXBuildFile; fileRef = A1D833151383050C00BF0B35 /* haarcascade_frontalface_alt2.xml */; };
		A1D833291383050C00BF0B35 /* haarcascade_frontalface_alt_tree.xml in Resources */ = {isa = PBXBuildFile; fileRef = A1D833161383050C00BF0B35 /* haarcascade_frontalface_alt_tree.xml */; };
		A1D8332A1383050C00BF0B35 /* haarcascade_frontalface_default.xml in Resources */ = {isa = PBXBuildFile; fileRef = A1D833171383050C00BF0B35 /* haarcascade_frontalface_default.xml */; };
		A1D8332B1383050C00BF0B35 /* haarcascade_fullbody.xml in Resources */ = {isa = PBXBuildFile; fileRef = A1D833181383050C00BF0B35 /* haarcascade_fullbody.xml */; };
		A1D8332C1383050C00BF0B35 /* haarcascade_lefteye_2splits.xml in Resources */ = {isa = PBXBuildFile; fileRef = A1D833191383050C00BF0B35 /* haarcascade_lefteye_2splits.xml */; };
		A1D8332D1383050C00BF0B35 /* haarcascade_lowerbody.xml in Resources */ = {isa = PBXBuildFile; fileRef = A1D8331A1383050C00BF0B35 /* haarcascade_lowerbody.xml */; };
		A1D8332E1383050C00BF0B35 /* haarcascade_mcs_eyepair_big.xml in Resources */ = {isa = PBXBuildFile; fileRef = A1D8331B1383050C00BF0B35 /* haarcascade_mcs_eyepair_big.xml */; };
		A1D8332F1383050C00BF0B35 /* haarcascade_mcs_eyepair_small.xml in Resources */ = {isa = PBXBuildFile; fileRef = A1D8331C1383050C00BF0B35 /* haarcascade_mcs_eyepair_small.xml */; };
		A1D833301383050C00BF0B35 /* haarcascade_mcs_lefteye.xml in Resources */ = {isa = PBXBuildFile; fileRef = A1D8331D1383050C00BF0B35 /* haarcascade_mcs_lefteye.xml */; };
		A1D833311383050C00BF0B35 /* haarcascade_mcs_mouth.xml in Resources */ = {isa = PBXBuildFile; fileRef = A1D8331E1383050C00BF0B35 /* haarcascade_mcs_mouth.xml */; };
		A1D833321383050C00BF0B35 /* haarcascade_mcs_nose.xml in Resources */ = {isa = PBXBuildFile; fileRef = A1D8331F1383050C00BF0B35 /* haarcascade_mcs_nose.xml */; };
		A1D833331383050C00BF0B35 /* haarcascade_mcs_righteye.xml in Resources */ = {isa = PBXBuildFile; fileRef = A1D833201383050C00BF0B35 /* haarcascade_mcs_righteye.xml */; };
		A1D833341383050C00BF0B35 /* haarcascade_mcs_upperbody.xml in Resources */ = {isa = PBXBuildFile; fileRef = A1D833211383050C00BF0B35 /* haarcascade_mcs_upperbody.xml */; };
		A1D833351383050C00BF0B35 /* haarcascade_profileface.xml in Resources */ = {isa = PBXBuildFile; fileRef = A1D833221383050C00BF0B35 /* haarcascade_profileface.xml */; };
		A1D833361383050C00BF0B35 /* haarcascade_righteye_2splits.xml in Resources */ = {isa = PBXBuildFile; fileRef = A1D833231383050C00BF0B35 /* haarcascade_righteye_2splits.xml */; };
		A1D833371383050C00BF0B35 /* haarcascade_upperbody.xml in Resources */ = {isa = PBXBuildFile; fileRef = A1D833241383050C00BF0B35 /* haarcascade_upperbody.xml */; };
/* End PBXBuildFile section */

/* Begin PBXFileReference section */
		0091D8F80E81B9330029341E /* OpenGL.framework */ = {isa = PBXFileReference; lastKnownFileType = wrapper.framework; name = OpenGL.framework; path = /System/Library/Frameworks/OpenGL.framework; sourceTree = "<absolute>"; };
		0097E3E40F3E9819005A4392 /* QuickTime.framework */ = {isa = PBXFileReference; lastKnownFileType = wrapper.framework; name = QuickTime.framework; path = /System/Library/Frameworks/QuickTime.framework; sourceTree = "<absolute>"; };
		00B784AF0FF439BC000DE1D7 /* Accelerate.framework */ = {isa = PBXFileReference; lastKnownFileType = wrapper.framework; name = Accelerate.framework; path = System/Library/Frameworks/Accelerate.framework; sourceTree = SDKROOT; };
		00B784B00FF439BC000DE1D7 /* AudioToolbox.framework */ = {isa = PBXFileReference; lastKnownFileType = wrapper.framework; name = AudioToolbox.framework; path = System/Library/Frameworks/AudioToolbox.framework; sourceTree = SDKROOT; };
		00B784B10FF439BC000DE1D7 /* AudioUnit.framework */ = {isa = PBXFileReference; lastKnownFileType = wrapper.framework; name = AudioUnit.framework; path = System/Library/Frameworks/AudioUnit.framework; sourceTree = SDKROOT; };
		00B784B20FF439BC000DE1D7 /* CoreAudio.framework */ = {isa = PBXFileReference; lastKnownFileType = wrapper.framework; name = CoreAudio.framework; path = System/Library/Frameworks/CoreAudio.framework; sourceTree = SDKROOT; };
		00BAE6590E7ED9C10018A608 /* targeterApp.cpp */ = {isa = PBXFileReference; fileEncoding = 4; lastKnownFileType = sourcecode.cpp.cpp; name = targeterApp.cpp; path = ../src/targeterApp.cpp; sourceTree = SOURCE_ROOT; };
		00CCAF14116A9FEE008396D5 /* CinderApp.icns */ = {isa = PBXFileReference; lastKnownFileType = image.icns; name = CinderApp.icns; path = ../resources/CinderApp.icns; sourceTree = SOURCE_ROOT; };
		1058C7A1FEA54F0111CA2CBB /* Cocoa.framework */ = {isa = PBXFileReference; lastKnownFileType = wrapper.framework; name = Cocoa.framework; path = /System/Library/Frameworks/Cocoa.framework; sourceTree = "<absolute>"; };
		13E42FB307B3F0F600E4EEF1 /* CoreData.framework */ = {isa = PBXFileReference; lastKnownFileType = wrapper.framework; name = CoreData.framework; path = /System/Library/Frameworks/CoreData.framework; sourceTree = "<absolute>"; };
		29B97324FDCFA39411CA2CEA /* AppKit.framework */ = {isa = PBXFileReference; lastKnownFileType = wrapper.framework; name = AppKit.framework; path = /System/Library/Frameworks/AppKit.framework; sourceTree = "<absolute>"; };
		29B97325FDCFA39411CA2CEA /* Foundation.framework */ = {isa = PBXFileReference; lastKnownFileType = wrapper.framework; name = Foundation.framework; path = /System/Library/Frameworks/Foundation.framework; sourceTree = "<absolute>"; };
		32CA4F630368D1EE00C91783 /* targeter_Prefix.pch */ = {isa = PBXFileReference; fileEncoding = 4; lastKnownFileType = sourcecode.c.h; path = targeter_Prefix.pch; sourceTree = "<group>"; };
		5323E6B10EAFCA74003A9687 /* CoreVideo.framework */ = {isa = PBXFileReference; lastKnownFileType = wrapper.framework; name = CoreVideo.framework; path = /System/Library/Frameworks/CoreVideo.framework; sourceTree = "<absolute>"; };
		5323E6B50EAFCA7E003A9687 /* QTKit.framework */ = {isa = PBXFileReference; lastKnownFileType = wrapper.framework; name = QTKit.framework; path = /System/Library/Frameworks/QTKit.framework; sourceTree = "<absolute>"; };
		53E3CDFB0E86099300238D2B /* Carbon.framework */ = {isa = PBXFileReference; lastKnownFileType = wrapper.framework; name = Carbon.framework; path = /System/Library/Frameworks/Carbon.framework; sourceTree = "<absolute>"; };
		8D1107310486CEB800E47090 /* Info.plist */ = {isa = PBXFileReference; fileEncoding = 4; lastKnownFileType = text.plist.xml; path = Info.plist; sourceTree = "<group>"; };
		8D1107320486CEB800E47090 /* targeter.app */ = {isa = PBXFileReference; explicitFileType = wrapper.application; includeInIndex = 0; path = targeter.app; sourceTree = BUILT_PRODUCTS_DIR; };
		A116443D137FBD9400859CC6 /* CapturingDevice.h */ = {isa = PBXFileReference; fileEncoding = 4; lastKnownFileType = sourcecode.c.h; name = CapturingDevice.h; path = ../../../cpp/cinder.git/blocks/opencv/include/CapturingDevice.h; sourceTree = "<group>"; };
		A1164450137FBE5100859CC6 /* CapturingDevice.cpp */ = {isa = PBXFileReference; fileEncoding = 4; lastKnownFileType = sourcecode.cpp.cpp; path = CapturingDevice.cpp; sourceTree = "<group>"; };
		A11644F913804C2600859CC6 /* ImageScanner.h */ = {isa = PBXFileReference; fileEncoding = 4; lastKnownFileType = sourcecode.c.h; path = ImageScanner.h; sourceTree = "<group>"; };
		A11644FA13804C2600859CC6 /* ImageScanner.cpp */ = {isa = PBXFileReference; fileEncoding = 4; lastKnownFileType = sourcecode.cpp.cpp; path = ImageScanner.cpp; sourceTree = "<group>"; };
		A116463A1381D00100859CC6 /* aGest.xml */ = {isa = PBXFileReference; fileEncoding = 4; lastKnownFileType = text.xml; name = aGest.xml; path = ../../../Desktop/aGest.xml; sourceTree = SOURCE_ROOT; };
		A11646FB1382A08700859CC6 /* libboost_date_time.a */ = {isa = PBXFileReference; lastKnownFileType = archive.ar; path = libboost_date_time.a; sourceTree = "<group>"; };
		A11646FC1382A08700859CC6 /* libboost_filesystem.a */ = {isa = PBXFileReference; lastKnownFileType = archive.ar; path = libboost_filesystem.a; sourceTree = "<group>"; };
		A11646FD1382A08700859CC6 /* libboost_system.a */ = {isa = PBXFileReference; lastKnownFileType = archive.ar; path = libboost_system.a; sourceTree = "<group>"; };
		A11646FE1382A08700859CC6 /* libboost_thread.a */ = {isa = PBXFileReference; lastKnownFileType = archive.ar; path = libboost_thread.a; sourceTree = "<group>"; };
		A11647001382A08700859CC6 /* libboost_date_time.a */ = {isa = PBXFileReference; lastKnownFileType = archive.ar; path = libboost_date_time.a; sourceTree = "<group>"; };
		A11647011382A08700859CC6 /* libboost_filesystem.a */ = {isa = PBXFileReference; lastKnownFileType = archive.ar; path = libboost_filesystem.a; sourceTree = "<group>"; };
		A11647021382A08700859CC6 /* libboost_system.a */ = {isa = PBXFileReference; lastKnownFileType = archive.ar; path = libboost_system.a; sourceTree = "<group>"; };
		A11647031382A08700859CC6 /* libboost_thread.a */ = {isa = PBXFileReference; lastKnownFileType = archive.ar; path = libboost_thread.a; sourceTree = "<group>"; };
		A11647051382A08700859CC6 /* libboost_date_time.a */ = {isa = PBXFileReference; lastKnownFileType = archive.ar; path = libboost_date_time.a; sourceTree = "<group>"; };
		A11647061382A08700859CC6 /* libboost_filesystem.a */ = {isa = PBXFileReference; lastKnownFileType = archive.ar; path = libboost_filesystem.a; sourceTree = "<group>"; };
		A11647071382A08700859CC6 /* libboost_system.a */ = {isa = PBXFileReference; lastKnownFileType = archive.ar; path = libboost_system.a; sourceTree = "<group>"; };
		A11647081382A08700859CC6 /* libboost_thread.a */ = {isa = PBXFileReference; lastKnownFileType = archive.ar; path = libboost_thread.a; sourceTree = "<group>"; };
		A11647091382A08700859CC6 /* libcairo.a */ = {isa = PBXFileReference; lastKnownFileType = archive.ar; path = libcairo.a; sourceTree = "<group>"; };
		A116470A1382A08700859CC6 /* libpixman-1.a */ = {isa = PBXFileReference; lastKnownFileType = archive.ar; path = "libpixman-1.a"; sourceTree = "<group>"; };
		A116470B1382A08700859CC6 /* libpng14.a */ = {isa = PBXFileReference; lastKnownFileType = archive.ar; path = libpng14.a; sourceTree = "<group>"; };
		A116470C1382A08700859CC6 /* libz.a */ = {isa = PBXFileReference; lastKnownFileType = archive.ar; path = libz.a; sourceTree = "<group>"; };
		A116470E1382A08700859CC6 /* atls.lib */ = {isa = PBXFileReference; lastKnownFileType = archive.ar; path = atls.lib; sourceTree = "<group>"; };
		A116470F1382A08700859CC6 /* atlthunk.lib */ = {isa = PBXFileReference; lastKnownFileType = archive.ar; path = atlthunk.lib; sourceTree = "<group>"; };
		A11647101382A08700859CC6 /* cairo-static.lib */ = {isa = PBXFileReference; lastKnownFileType = archive.ar; path = "cairo-static.lib"; sourceTree = "<group>"; };
		A11647111382A08700859CC6 /* libboost_date_time-vc100-mt-s-1_44.lib */ = {isa = PBXFileReference; lastKnownFileType = archive.ar; path = "libboost_date_time-vc100-mt-s-1_44.lib"; sourceTree = "<group>"; };
		A11647121382A08700859CC6 /* libboost_date_time-vc100-mt-sgd-1_44.lib */ = {isa = PBXFileReference; lastKnownFileType = archive.ar; path = "libboost_date_time-vc100-mt-sgd-1_44.lib"; sourceTree = "<group>"; };
		A11647131382A08700859CC6 /* libboost_date_time-vc90-mt-s-1_44.lib */ = {isa = PBXFileReference; lastKnownFileType = archive.ar; path = "libboost_date_time-vc90-mt-s-1_44.lib"; sourceTree = "<group>"; };
		A11647141382A08700859CC6 /* libboost_date_time-vc90-mt-sgd-1_44.lib */ = {isa = PBXFileReference; lastKnownFileType = archive.ar; path = "libboost_date_time-vc90-mt-sgd-1_44.lib"; sourceTree = "<group>"; };
		A11647151382A08700859CC6 /* libboost_filesystem-vc100-mt-s-1_44.lib */ = {isa = PBXFileReference; lastKnownFileType = archive.ar; path = "libboost_filesystem-vc100-mt-s-1_44.lib"; sourceTree = "<group>"; };
		A11647161382A08700859CC6 /* libboost_filesystem-vc100-mt-sgd-1_44.lib */ = {isa = PBXFileReference; lastKnownFileType = archive.ar; path = "libboost_filesystem-vc100-mt-sgd-1_44.lib"; sourceTree = "<group>"; };
		A11647171382A08700859CC6 /* libboost_filesystem-vc90-mt-s-1_44.lib */ = {isa = PBXFileReference; lastKnownFileType = archive.ar; path = "libboost_filesystem-vc90-mt-s-1_44.lib"; sourceTree = "<group>"; };
		A11647181382A08700859CC6 /* libboost_filesystem-vc90-mt-sgd-1_44.lib */ = {isa = PBXFileReference; lastKnownFileType = archive.ar; path = "libboost_filesystem-vc90-mt-sgd-1_44.lib"; sourceTree = "<group>"; };
		A11647191382A08700859CC6 /* libboost_system-vc100-mt-s-1_44.lib */ = {isa = PBXFileReference; lastKnownFileType = archive.ar; path = "libboost_system-vc100-mt-s-1_44.lib"; sourceTree = "<group>"; };
		A116471A1382A08700859CC6 /* libboost_system-vc100-mt-sgd-1_44.lib */ = {isa = PBXFileReference; lastKnownFileType = archive.ar; path = "libboost_system-vc100-mt-sgd-1_44.lib"; sourceTree = "<group>"; };
		A116471B1382A08700859CC6 /* libboost_system-vc90-mt-s-1_44.lib */ = {isa = PBXFileReference; lastKnownFileType = archive.ar; path = "libboost_system-vc90-mt-s-1_44.lib"; sourceTree = "<group>"; };
		A116471C1382A08700859CC6 /* libboost_system-vc90-mt-sgd-1_44.lib */ = {isa = PBXFileReference; lastKnownFileType = archive.ar; path = "libboost_system-vc90-mt-sgd-1_44.lib"; sourceTree = "<group>"; };
		A116471D1382A08700859CC6 /* libboost_thread-vc100-mt-s-1_44.lib */ = {isa = PBXFileReference; lastKnownFileType = archive.ar; path = "libboost_thread-vc100-mt-s-1_44.lib"; sourceTree = "<group>"; };
		A116471E1382A08700859CC6 /* libboost_thread-vc100-mt-sgd-1_44.lib */ = {isa = PBXFileReference; lastKnownFileType = archive.ar; path = "libboost_thread-vc100-mt-sgd-1_44.lib"; sourceTree = "<group>"; };
		A116471F1382A08700859CC6 /* libboost_thread-vc90-mt-s-1_44.lib */ = {isa = PBXFileReference; lastKnownFileType = archive.ar; path = "libboost_thread-vc90-mt-s-1_44.lib"; sourceTree = "<group>"; };
		A11647201382A08700859CC6 /* libboost_thread-vc90-mt-sgd-1_44.lib */ = {isa = PBXFileReference; lastKnownFileType = archive.ar; path = "libboost_thread-vc90-mt-sgd-1_44.lib"; sourceTree = "<group>"; };
		A11647211382A08700859CC6 /* libpng.lib */ = {isa = PBXFileReference; lastKnownFileType = archive.ar; path = libpng.lib; sourceTree = "<group>"; };
		A11647221382A08700859CC6 /* pixman-1.lib */ = {isa = PBXFileReference; lastKnownFileType = archive.ar; path = "pixman-1.lib"; sourceTree = "<group>"; };
		A11647231382A08700859CC6 /* Wldap32.Lib */ = {isa = PBXFileReference; lastKnownFileType = archive.ar; path = Wldap32.Lib; sourceTree = "<group>"; };
		A11647241382A08700859CC6 /* zlib.lib */ = {isa = PBXFileReference; lastKnownFileType = archive.ar; path = zlib.lib; sourceTree = "<group>"; };
		A116474F1382A0A300859CC6 /* CinderOpenCV.h */ = {isa = PBXFileReference; fileEncoding = 4; lastKnownFileType = sourcecode.c.h; path = CinderOpenCV.h; sourceTree = "<group>"; };
		A11647511382A0A300859CC6 /* cv.h */ = {isa = PBXFileReference; fileEncoding = 4; lastKnownFileType = sourcecode.c.h; path = cv.h; sourceTree = "<group>"; };
		A11647521382A0A300859CC6 /* cv.hpp */ = {isa = PBXFileReference; fileEncoding = 4; lastKnownFileType = sourcecode.cpp.h; path = cv.hpp; sourceTree = "<group>"; };
		A11647531382A0A300859CC6 /* cvaux.h */ = {isa = PBXFileReference; fileEncoding = 4; lastKnownFileType = sourcecode.c.h; path = cvaux.h; sourceTree = "<group>"; };
		A11647541382A0A300859CC6 /* cvaux.hpp */ = {isa = PBXFileReference; fileEncoding = 4; lastKnownFileType = sourcecode.cpp.h; path = cvaux.hpp; sourceTree = "<group>"; };
		A11647551382A0A300859CC6 /* cvcompat.h */ = {isa = PBXFileReference; fileEncoding = 4; lastKnownFileType = sourcecode.c.h; path = cvcompat.h; sourceTree = "<group>"; };
		A11647561382A0A300859CC6 /* cvinternal.h */ = {isa = PBXFileReference; fileEncoding = 4; lastKnownFileType = sourcecode.c.h; path = cvinternal.h; sourceTree = "<group>"; };
		A11647571382A0A300859CC6 /* cvtypes.h */ = {isa = PBXFileReference; fileEncoding = 4; lastKnownFileType = sourcecode.c.h; path = cvtypes.h; sourceTree = "<group>"; };
		A11647581382A0A300859CC6 /* cvver.h */ = {isa = PBXFileReference; fileEncoding = 4; lastKnownFileType = sourcecode.c.h; path = cvver.h; sourceTree = "<group>"; };
		A11647591382A0A300859CC6 /* cvvidsurv.hpp */ = {isa = PBXFileReference; fileEncoding = 4; lastKnownFileType = sourcecode.cpp.h; path = cvvidsurv.hpp; sourceTree = "<group>"; };
		A116475A1382A0A300859CC6 /* cvwimage.h */ = {isa = PBXFileReference; fileEncoding = 4; lastKnownFileType = sourcecode.c.h; path = cvwimage.h; sourceTree = "<group>"; };
		A116475B1382A0A300859CC6 /* cxcore.h */ = {isa = PBXFileReference; fileEncoding = 4; lastKnownFileType = sourcecode.c.h; path = cxcore.h; sourceTree = "<group>"; };
		A116475C1382A0A300859CC6 /* cxcore.hpp */ = {isa = PBXFileReference; fileEncoding = 4; lastKnownFileType = sourcecode.cpp.h; path = cxcore.hpp; sourceTree = "<group>"; };
		A116475D1382A0A300859CC6 /* cxerror.h */ = {isa = PBXFileReference; fileEncoding = 4; lastKnownFileType = sourcecode.c.h; path = cxerror.h; sourceTree = "<group>"; };
		A116475E1382A0A300859CC6 /* cxflann.h */ = {isa = PBXFileReference; fileEncoding = 4; lastKnownFileType = sourcecode.c.h; path = cxflann.h; sourceTree = "<group>"; };
		A116475F1382A0A300859CC6 /* cxmat.hpp */ = {isa = PBXFileReference; fileEncoding = 4; lastKnownFileType = sourcecode.cpp.h; path = cxmat.hpp; sourceTree = "<group>"; };
		A11647601382A0A300859CC6 /* cxmisc.h */ = {isa = PBXFileReference; fileEncoding = 4; lastKnownFileType = sourcecode.c.h; path = cxmisc.h; sourceTree = "<group>"; };
		A11647611382A0A300859CC6 /* cxoperations.hpp */ = {isa = PBXFileReference; fileEncoding = 4; lastKnownFileType = sourcecode.cpp.h; path = cxoperations.hpp; sourceTree = "<group>"; };
		A11647621382A0A300859CC6 /* cxtypes.h */ = {isa = PBXFileReference; fileEncoding = 4; lastKnownFileType = sourcecode.c.h; path = cxtypes.h; sourceTree = "<group>"; };
		A11647631382A0A300859CC6 /* highgui.h */ = {isa = PBXFileReference; fileEncoding = 4; lastKnownFileType = sourcecode.c.h; path = highgui.h; sourceTree = "<group>"; };
		A11647641382A0A300859CC6 /* highgui.hpp */ = {isa = PBXFileReference; fileEncoding = 4; lastKnownFileType = sourcecode.cpp.h; path = highgui.hpp; sourceTree = "<group>"; };
		A11647651382A0A300859CC6 /* ml.h */ = {isa = PBXFileReference; fileEncoding = 4; lastKnownFileType = sourcecode.c.h; path = ml.h; sourceTree = "<group>"; };
		A11647681382A0A300859CC6 /* libcv.a */ = {isa = PBXFileReference; lastKnownFileType = archive.ar; path = libcv.a; sourceTree = "<group>"; };
		A11647691382A0A300859CC6 /* libcvaux.a */ = {isa = PBXFileReference; lastKnownFileType = archive.ar; path = libcvaux.a; sourceTree = "<group>"; };
		A116476A1382A0A300859CC6 /* libcxcore.a */ = {isa = PBXFileReference; lastKnownFileType = archive.ar; path = libcxcore.a; sourceTree = "<group>"; };
		A116476B1382A0A300859CC6 /* libml.a */ = {isa = PBXFileReference; lastKnownFileType = archive.ar; path = libml.a; sourceTree = "<group>"; };
		A116476D1382A0A300859CC6 /* libcv.a */ = {isa = PBXFileReference; lastKnownFileType = archive.ar; path = libcv.a; sourceTree = "<group>"; };
		A116476E1382A0A300859CC6 /* libcvaux.a */ = {isa = PBXFileReference; lastKnownFileType = archive.ar; path = libcvaux.a; sourceTree = "<group>"; };
		A116476F1382A0A300859CC6 /* libcxcore.a */ = {isa = PBXFileReference; lastKnownFileType = archive.ar; path = libcxcore.a; sourceTree = "<group>"; };
		A11647701382A0A300859CC6 /* libml.a */ = {isa = PBXFileReference; lastKnownFileType = archive.ar; path = libml.a; sourceTree = "<group>"; };
		A11647721382A0A300859CC6 /* libcv.a */ = {isa = PBXFileReference; lastKnownFileType = archive.ar; path = libcv.a; sourceTree = "<group>"; };
		A11647731382A0A300859CC6 /* libcvaux.a */ = {isa = PBXFileReference; lastKnownFileType = archive.ar; path = libcvaux.a; sourceTree = "<group>"; };
		A11647741382A0A300859CC6 /* libcvhaartraining.a */ = {isa = PBXFileReference; lastKnownFileType = archive.ar; path = libcvhaartraining.a; sourceTree = "<group>"; };
		A11647751382A0A300859CC6 /* libcxcore.a */ = {isa = PBXFileReference; lastKnownFileType = archive.ar; path = libcxcore.a; sourceTree = "<group>"; };
		A11647761382A0A300859CC6 /* libhighgui.a */ = {isa = PBXFileReference; lastKnownFileType = archive.ar; path = libhighgui.a; sourceTree = "<group>"; };
		A11647771382A0A300859CC6 /* libml.a */ = {isa = PBXFileReference; lastKnownFileType = archive.ar; path = libml.a; sourceTree = "<group>"; };
		A11647791382A0A300859CC6 /* cv210.lib */ = {isa = PBXFileReference; lastKnownFileType = archive.ar; path = cv210.lib; sourceTree = "<group>"; };
		A116477A1382A0A300859CC6 /* cv210d.lib */ = {isa = PBXFileReference; lastKnownFileType = archive.ar; path = cv210d.lib; sourceTree = "<group>"; };
		A116477B1382A0A300859CC6 /* cvaux210.lib */ = {isa = PBXFileReference; lastKnownFileType = archive.ar; path = cvaux210.lib; sourceTree = "<group>"; };
		A116477C1382A0A300859CC6 /* cvaux210d.lib */ = {isa = PBXFileReference; lastKnownFileType = archive.ar; path = cvaux210d.lib; sourceTree = "<group>"; };
		A116477D1382A0A300859CC6 /* cxcore210.lib */ = {isa = PBXFileReference; lastKnownFileType = archive.ar; path = cxcore210.lib; sourceTree = "<group>"; };
		A116477E1382A0A300859CC6 /* cxcore210d.lib */ = {isa = PBXFileReference; lastKnownFileType = archive.ar; path = cxcore210d.lib; sourceTree = "<group>"; };
		A116477F1382A0A300859CC6 /* flann.lib */ = {isa = PBXFileReference; lastKnownFileType = archive.ar; path = flann.lib; sourceTree = "<group>"; };
		A11647801382A0A300859CC6 /* flannd.lib */ = {isa = PBXFileReference; lastKnownFileType = archive.ar; path = flannd.lib; sourceTree = "<group>"; };
		A11647811382A0A300859CC6 /* ml210.lib */ = {isa = PBXFileReference; lastKnownFileType = archive.ar; path = ml210.lib; sourceTree = "<group>"; };
		A11647821382A0A300859CC6 /* ml210d.lib */ = {isa = PBXFileReference; lastKnownFileType = archive.ar; path = ml210d.lib; sourceTree = "<group>"; };
		A11647831382A0A300859CC6 /* opencv_lapack.lib */ = {isa = PBXFileReference; lastKnownFileType = archive.ar; path = opencv_lapack.lib; sourceTree = "<group>"; };
		A11647841382A0A300859CC6 /* opencv_lapackd.lib */ = {isa = PBXFileReference; lastKnownFileType = archive.ar; path = opencv_lapackd.lib; sourceTree = "<group>"; };
		A11647861382A0A300859CC6 /* cv210.lib */ = {isa = PBXFileReference; lastKnownFileType = archive.ar; path = cv210.lib; sourceTree = "<group>"; };
		A11647871382A0A300859CC6 /* cv210d.lib */ = {isa = PBXFileReference; lastKnownFileType = archive.ar; path = cv210d.lib; sourceTree = "<group>"; };
		A11647881382A0A300859CC6 /* cvaux210.lib */ = {isa = PBXFileReference; lastKnownFileType = archive.ar; path = cvaux210.lib; sourceTree = "<group>"; };
		A11647891382A0A300859CC6 /* cvaux210d.lib */ = {isa = PBXFileReference; lastKnownFileType = archive.ar; path = cvaux210d.lib; sourceTree = "<group>"; };
		A116478A1382A0A300859CC6 /* cxcore210.lib */ = {isa = PBXFileReference; lastKnownFileType = archive.ar; path = cxcore210.lib; sourceTree = "<group>"; };
		A116478B1382A0A300859CC6 /* cxcore210d.lib */ = {isa = PBXFileReference; lastKnownFileType = archive.ar; path = cxcore210d.lib; sourceTree = "<group>"; };
		A116478C1382A0A300859CC6 /* flann.lib */ = {isa = PBXFileReference; lastKnownFileType = archive.ar; path = flann.lib; sourceTree = "<group>"; };
		A116478D1382A0A300859CC6 /* flannd.lib */ = {isa = PBXFileReference; lastKnownFileType = archive.ar; path = flannd.lib; sourceTree = "<group>"; };
		A116478E1382A0A300859CC6 /* ml210.lib */ = {isa = PBXFileReference; lastKnownFileType = archive.ar; path = ml210.lib; sourceTree = "<group>"; };
		A116478F1382A0A300859CC6 /* ml210d.lib */ = {isa = PBXFileReference; lastKnownFileType = archive.ar; path = ml210d.lib; sourceTree = "<group>"; };
		A11647901382A0A300859CC6 /* opencv_lapack.lib */ = {isa = PBXFileReference; lastKnownFileType = archive.ar; path = opencv_lapack.lib; sourceTree = "<group>"; };
		A11647911382A0A300859CC6 /* opencv_lapackd.lib */ = {isa = PBXFileReference; lastKnownFileType = archive.ar; path = opencv_lapackd.lib; sourceTree = "<group>"; };
		A1D833121383050C00BF0B35 /* haarcascade_eye.xml */ = {isa = PBXFileReference; fileEncoding = 4; lastKnownFileType = text.xml; path = haarcascade_eye.xml; sourceTree = "<group>"; };
		A1D833131383050C00BF0B35 /* haarcascade_eye_tree_eyeglasses.xml */ = {isa = PBXFileReference; fileEncoding = 4; lastKnownFileType = text.xml; path = haarcascade_eye_tree_eyeglasses.xml; sourceTree = "<group>"; };
		A1D833141383050C00BF0B35 /* haarcascade_frontalface_alt.xml */ = {isa = PBXFileReference; fileEncoding = 4; lastKnownFileType = text.xml; path = haarcascade_frontalface_alt.xml; sourceTree = "<group>"; };
		A1D833151383050C00BF0B35 /* haarcascade_frontalface_alt2.xml */ = {isa = PBXFileReference; fileEncoding = 4; lastKnownFileType = text.xml; path = haarcascade_frontalface_alt2.xml; sourceTree = "<group>"; };
		A1D833161383050C00BF0B35 /* haarcascade_frontalface_alt_tree.xml */ = {isa = PBXFileReference; fileEncoding = 4; lastKnownFileType = text.xml; path = haarcascade_frontalface_alt_tree.xml; sourceTree = "<group>"; };
		A1D833171383050C00BF0B35 /* haarcascade_frontalface_default.xml */ = {isa = PBXFileReference; fileEncoding = 4; lastKnownFileType = text.xml; path = haarcascade_frontalface_default.xml; sourceTree = "<group>"; };
		A1D833181383050C00BF0B35 /* haarcascade_fullbody.xml */ = {isa = PBXFileReference; fileEncoding = 4; lastKnownFileType = text.xml; path = haarcascade_fullbody.xml; sourceTree = "<group>"; };
		A1D833191383050C00BF0B35 /* haarcascade_lefteye_2splits.xml */ = {isa = PBXFileReference; fileEncoding = 4; lastKnownFileType = text.xml; path = haarcascade_lefteye_2splits.xml; sourceTree = "<group>"; };
		A1D8331A1383050C00BF0B35 /* haarcascade_lowerbody.xml */ = {isa = PBXFileReference; fileEncoding = 4; lastKnownFileType = text.xml; path = haarcascade_lowerbody.xml; sourceTree = "<group>"; };
		A1D8331B1383050C00BF0B35 /* haarcascade_mcs_eyepair_big.xml */ = {isa = PBXFileReference; fileEncoding = 4; lastKnownFileType = text.xml; path = haarcascade_mcs_eyepair_big.xml; sourceTree = "<group>"; };
		A1D8331C1383050C00BF0B35 /* haarcascade_mcs_eyepair_small.xml */ = {isa = PBXFileReference; fileEncoding = 4; lastKnownFileType = text.xml; path = haarcascade_mcs_eyepair_small.xml; sourceTree = "<group>"; };
		A1D8331D1383050C00BF0B35 /* haarcascade_mcs_lefteye.xml */ = {isa = PBXFileReference; fileEncoding = 4; lastKnownFileType = text.xml; path = haarcascade_mcs_lefteye.xml; sourceTree = "<group>"; };
		A1D8331E1383050C00BF0B35 /* haarcascade_mcs_mouth.xml */ = {isa = PBXFileReference; fileEncoding = 4; lastKnownFileType = text.xml; path = haarcascade_mcs_mouth.xml; sourceTree = "<group>"; };
		A1D8331F1383050C00BF0B35 /* haarcascade_mcs_nose.xml */ = {isa = PBXFileReference; fileEncoding = 4; lastKnownFileType = text.xml; path = haarcascade_mcs_nose.xml; sourceTree = "<group>"; };
		A1D833201383050C00BF0B35 /* haarcascade_mcs_righteye.xml */ = {isa = PBXFileReference; fileEncoding = 4; lastKnownFileType = text.xml; path = haarcascade_mcs_righteye.xml; sourceTree = "<group>"; };
		A1D833211383050C00BF0B35 /* haarcascade_mcs_upperbody.xml */ = {isa = PBXFileReference; fileEncoding = 4; lastKnownFileType = text.xml; path = haarcascade_mcs_upperbody.xml; sourceTree = "<group>"; };
		A1D833221383050C00BF0B35 /* haarcascade_profileface.xml */ = {isa = PBXFileReference; fileEncoding = 4; lastKnownFileType = text.xml; path = haarcascade_profileface.xml; sourceTree = "<group>"; };
		A1D833231383050C00BF0B35 /* haarcascade_righteye_2splits.xml */ = {isa = PBXFileReference; fileEncoding = 4; lastKnownFileType = text.xml; path = haarcascade_righteye_2splits.xml; sourceTree = "<group>"; };
		A1D833241383050C00BF0B35 /* haarcascade_upperbody.xml */ = {isa = PBXFileReference; fileEncoding = 4; lastKnownFileType = text.xml; path = haarcascade_upperbody.xml; sourceTree = "<group>"; };
/* End PBXFileReference section */

/* Begin PBXFrameworksBuildPhase section */
		8D11072E0486CEB800E47090 /* Frameworks */ = {
			isa = PBXFrameworksBuildPhase;
			buildActionMask = 2147483647;
			files = (
				8D11072F0486CEB800E47090 /* Cocoa.framework in Frameworks */,
				0091D8F90E81B9330029341E /* OpenGL.framework in Frameworks */,
				53E3CDFC0E86099300238D2B /* Carbon.framework in Frameworks */,
				5323E6B20EAFCA74003A9687 /* CoreVideo.framework in Frameworks */,
				5323E6B60EAFCA7E003A9687 /* QTKit.framework in Frameworks */,
				0097E3E50F3E9819005A4392 /* QuickTime.framework in Frameworks */,
				00B784B30FF439BC000DE1D7 /* Accelerate.framework in Frameworks */,
				00B784B40FF439BC000DE1D7 /* AudioToolbox.framework in Frameworks */,
				00B784B50FF439BC000DE1D7 /* AudioUnit.framework in Frameworks */,
				00B784B60FF439BC000DE1D7 /* CoreAudio.framework in Frameworks */,
				A11647251382A08700859CC6 /* libboost_date_time.a in Frameworks */,
				A11647261382A08700859CC6 /* libboost_filesystem.a in Frameworks */,
				A11647271382A08700859CC6 /* libboost_system.a in Frameworks */,
				A11647281382A08700859CC6 /* libboost_thread.a in Frameworks */,
				A11647291382A08700859CC6 /* libboost_date_time.a in Frameworks */,
				A116472A1382A08700859CC6 /* libboost_filesystem.a in Frameworks */,
				A116472B1382A08700859CC6 /* libboost_system.a in Frameworks */,
				A116472C1382A08700859CC6 /* libboost_thread.a in Frameworks */,
				A116472D1382A08700859CC6 /* libboost_date_time.a in Frameworks */,
				A116472E1382A08700859CC6 /* libboost_filesystem.a in Frameworks */,
				A116472F1382A08700859CC6 /* libboost_system.a in Frameworks */,
				A11647301382A08700859CC6 /* libboost_thread.a in Frameworks */,
				A11647311382A08700859CC6 /* libcairo.a in Frameworks */,
				A11647321382A08700859CC6 /* libpixman-1.a in Frameworks */,
				A11647331382A08700859CC6 /* libpng14.a in Frameworks */,
				A11647341382A08700859CC6 /* libz.a in Frameworks */,
				A11647351382A08700859CC6 /* atls.lib in Frameworks */,
				A11647361382A08700859CC6 /* atlthunk.lib in Frameworks */,
				A11647371382A08700859CC6 /* cairo-static.lib in Frameworks */,
				A11647381382A08700859CC6 /* libboost_date_time-vc100-mt-s-1_44.lib in Frameworks */,
				A11647391382A08700859CC6 /* libboost_date_time-vc100-mt-sgd-1_44.lib in Frameworks */,
				A116473A1382A08700859CC6 /* libboost_date_time-vc90-mt-s-1_44.lib in Frameworks */,
				A116473B1382A08700859CC6 /* libboost_date_time-vc90-mt-sgd-1_44.lib in Frameworks */,
				A116473C1382A08700859CC6 /* libboost_filesystem-vc100-mt-s-1_44.lib in Frameworks */,
				A116473D1382A08700859CC6 /* libboost_filesystem-vc100-mt-sgd-1_44.lib in Frameworks */,
				A116473E1382A08700859CC6 /* libboost_filesystem-vc90-mt-s-1_44.lib in Frameworks */,
				A116473F1382A08700859CC6 /* libboost_filesystem-vc90-mt-sgd-1_44.lib in Frameworks */,
				A11647401382A08700859CC6 /* libboost_system-vc100-mt-s-1_44.lib in Frameworks */,
				A11647411382A08700859CC6 /* libboost_system-vc100-mt-sgd-1_44.lib in Frameworks */,
				A11647421382A08700859CC6 /* libboost_system-vc90-mt-s-1_44.lib in Frameworks */,
				A11647431382A08700859CC6 /* libboost_system-vc90-mt-sgd-1_44.lib in Frameworks */,
				A11647441382A08700859CC6 /* libboost_thread-vc100-mt-s-1_44.lib in Frameworks */,
				A11647451382A08700859CC6 /* libboost_thread-vc100-mt-sgd-1_44.lib in Frameworks */,
				A11647461382A08700859CC6 /* libboost_thread-vc90-mt-s-1_44.lib in Frameworks */,
				A11647471382A08700859CC6 /* libboost_thread-vc90-mt-sgd-1_44.lib in Frameworks */,
				A11647481382A08700859CC6 /* libpng.lib in Frameworks */,
				A11647491382A08700859CC6 /* pixman-1.lib in Frameworks */,
				A116474A1382A08700859CC6 /* Wldap32.Lib in Frameworks */,
				A116474B1382A08800859CC6 /* zlib.lib in Frameworks */,
				A11647921382A0A300859CC6 /* libcv.a in Frameworks */,
				A11647931382A0A300859CC6 /* libcvaux.a in Frameworks */,
				A11647941382A0A300859CC6 /* libcxcore.a in Frameworks */,
				A11647951382A0A300859CC6 /* libml.a in Frameworks */,
				A11647961382A0A300859CC6 /* libcv.a in Frameworks */,
				A11647971382A0A300859CC6 /* libcvaux.a in Frameworks */,
				A11647981382A0A300859CC6 /* libcxcore.a in Frameworks */,
				A11647991382A0A300859CC6 /* libml.a in Frameworks */,
				A116479A1382A0A300859CC6 /* libcv.a in Frameworks */,
				A116479B1382A0A300859CC6 /* libcvaux.a in Frameworks */,
				A116479C1382A0A300859CC6 /* libcvhaartraining.a in Frameworks */,
				A116479D1382A0A300859CC6 /* libcxcore.a in Frameworks */,
				A116479E1382A0A300859CC6 /* libhighgui.a in Frameworks */,
				A116479F1382A0A300859CC6 /* libml.a in Frameworks */,
				A11647A01382A0A300859CC6 /* cv210.lib in Frameworks */,
				A11647A11382A0A300859CC6 /* cv210d.lib in Frameworks */,
				A11647A21382A0A300859CC6 /* cvaux210.lib in Frameworks */,
				A11647A31382A0A300859CC6 /* cvaux210d.lib in Frameworks */,
				A11647A41382A0A300859CC6 /* cxcore210.lib in Frameworks */,
				A11647A51382A0A300859CC6 /* cxcore210d.lib in Frameworks */,
				A11647A61382A0A300859CC6 /* flann.lib in Frameworks */,
				A11647A71382A0A300859CC6 /* flannd.lib in Frameworks */,
				A11647A81382A0A300859CC6 /* ml210.lib in Frameworks */,
				A11647A91382A0A300859CC6 /* ml210d.lib in Frameworks */,
				A11647AA1382A0A300859CC6 /* opencv_lapack.lib in Frameworks */,
				A11647AB1382A0A300859CC6 /* opencv_lapackd.lib in Frameworks */,
				A11647AC1382A0A300859CC6 /* cv210.lib in Frameworks */,
				A11647AD1382A0A300859CC6 /* cv210d.lib in Frameworks */,
				A11647AE1382A0A300859CC6 /* cvaux210.lib in Frameworks */,
				A11647AF1382A0A300859CC6 /* cvaux210d.lib in Frameworks */,
				A11647B01382A0A300859CC6 /* cxcore210.lib in Frameworks */,
				A11647B11382A0A300859CC6 /* cxcore210d.lib in Frameworks */,
				A11647B21382A0A300859CC6 /* flann.lib in Frameworks */,
				A11647B31382A0A300859CC6 /* flannd.lib in Frameworks */,
				A11647B41382A0A300859CC6 /* ml210.lib in Frameworks */,
				A11647B51382A0A300859CC6 /* ml210d.lib in Frameworks */,
				A11647B61382A0A300859CC6 /* opencv_lapack.lib in Frameworks */,
				A11647B71382A0A300859CC6 /* opencv_lapackd.lib in Frameworks */,
			);
			runOnlyForDeploymentPostprocessing = 0;
		};
/* End PBXFrameworksBuildPhase section */

/* Begin PBXGroup section */
		080E96DDFE201D6D7F000001 /* Source */ = {
			isa = PBXGroup;
			children = (
				00BAE6590E7ED9C10018A608 /* targeterApp.cpp */,
				A1164450137FBE5100859CC6 /* CapturingDevice.cpp */,
				A11644FA13804C2600859CC6 /* ImageScanner.cpp */,
			);
			name = Source;
			sourceTree = "<group>";
		};
		1058C7A0FEA54F0111CA2CBB /* Linked Frameworks */ = {
			isa = PBXGroup;
			children = (
				00B784AF0FF439BC000DE1D7 /* Accelerate.framework */,
				00B784B00FF439BC000DE1D7 /* AudioToolbox.framework */,
				00B784B10FF439BC000DE1D7 /* AudioUnit.framework */,
				00B784B20FF439BC000DE1D7 /* CoreAudio.framework */,
				0097E3E40F3E9819005A4392 /* QuickTime.framework */,
				5323E6B50EAFCA7E003A9687 /* QTKit.framework */,
				5323E6B10EAFCA74003A9687 /* CoreVideo.framework */,
				53E3CDFB0E86099300238D2B /* Carbon.framework */,
				0091D8F80E81B9330029341E /* OpenGL.framework */,
				1058C7A1FEA54F0111CA2CBB /* Cocoa.framework */,
			);
			name = "Linked Frameworks";
			sourceTree = "<group>";
		};
		1058C7A2FEA54F0111CA2CBB /* Other Frameworks */ = {
			isa = PBXGroup;
			children = (
				29B97324FDCFA39411CA2CEA /* AppKit.framework */,
				13E42FB307B3F0F600E4EEF1 /* CoreData.framework */,
				29B97325FDCFA39411CA2CEA /* Foundation.framework */,
			);
			name = "Other Frameworks";
			sourceTree = "<group>";
		};
		19C28FACFE9D520D11CA2CBB /* Products */ = {
			isa = PBXGroup;
			children = (
				8D1107320486CEB800E47090 /* targeter.app */,
			);
			name = Products;
			sourceTree = "<group>";
		};
		29B97314FDCFA39411CA2CEA /* targeter */ = {
			isa = PBXGroup;
			children = (
				A116402E137EF10200859CC6 /* Blocks */,
				A1163FC9137EE99C00859CC6 /* Cinder */,
				29B97315FDCFA39411CA2CEA /* Headers */,
				080E96DDFE201D6D7F000001 /* Source */,
				29B97317FDCFA39411CA2CEA /* Resources */,
				29B97323FDCFA39411CA2CEA /* Frameworks */,
				19C28FACFE9D520D11CA2CBB /* Products */,
			);
			name = targeter;
			sourceTree = "<group>";
		};
		29B97315FDCFA39411CA2CEA /* Headers */ = {
			isa = PBXGroup;
			children = (
				A11644F913804C2600859CC6 /* ImageScanner.h */,
				A116443D137FBD9400859CC6 /* CapturingDevice.h */,
				32CA4F630368D1EE00C91783 /* targeter_Prefix.pch */,
			);
			name = Headers;
			sourceTree = "<group>";
		};
		29B97317FDCFA39411CA2CEA /* Resources */ = {
			isa = PBXGroup;
			children = (
				A1D833111383050C00BF0B35 /* opencv */,
				A116463A1381D00100859CC6 /* aGest.xml */,
				8D1107310486CEB800E47090 /* Info.plist */,
				00CCAF14116A9FEE008396D5 /* CinderApp.icns */,
			);
			name = Resources;
			sourceTree = "<group>";
		};
		29B97323FDCFA39411CA2CEA /* Frameworks */ = {
			isa = PBXGroup;
			children = (
				1058C7A0FEA54F0111CA2CBB /* Linked Frameworks */,
				1058C7A2FEA54F0111CA2CBB /* Other Frameworks */,
			);
			name = Frameworks;
			sourceTree = "<group>";
		};
		A1163FC9137EE99C00859CC6 /* Cinder */ = {
			isa = PBXGroup;
			children = (
				A11646F91382A08700859CC6 /* lib */,
			);
			name = Cinder;
			sourceTree = "<group>";
		};
		A116402E137EF10200859CC6 /* Blocks */ = {
			isa = PBXGroup;
			children = (
				A116474E1382A0A300859CC6 /* include */,
				A11647661382A0A300859CC6 /* lib */,
			);
			name = Blocks;
			sourceTree = "<group>";
		};
		A11646F91382A08700859CC6 /* lib */ = {
			isa = PBXGroup;
			children = (
				A11646FA1382A08700859CC6 /* ios */,
				A11646FF1382A08700859CC6 /* ios-sim */,
				A11647041382A08700859CC6 /* macosx */,
				A116470D1382A08700859CC6 /* msw */,
			);
			name = lib;
			path = ../lib/cinder.git/lib;
			sourceTree = SOURCE_ROOT;
		};
		A11646FA1382A08700859CC6 /* ios */ = {
			isa = PBXGroup;
			children = (
				A11646FB1382A08700859CC6 /* libboost_date_time.a */,
				A11646FC1382A08700859CC6 /* libboost_filesystem.a */,
				A11646FD1382A08700859CC6 /* libboost_system.a */,
				A11646FE1382A08700859CC6 /* libboost_thread.a */,
			);
			path = ios;
			sourceTree = "<group>";
		};
		A11646FF1382A08700859CC6 /* ios-sim */ = {
			isa = PBXGroup;
			children = (
				A11647001382A08700859CC6 /* libboost_date_time.a */,
				A11647011382A08700859CC6 /* libboost_filesystem.a */,
				A11647021382A08700859CC6 /* libboost_system.a */,
				A11647031382A08700859CC6 /* libboost_thread.a */,
			);
			path = "ios-sim";
			sourceTree = "<group>";
		};
		A11647041382A08700859CC6 /* macosx */ = {
			isa = PBXGroup;
			children = (
				A11647051382A08700859CC6 /* libboost_date_time.a */,
				A11647061382A08700859CC6 /* libboost_filesystem.a */,
				A11647071382A08700859CC6 /* libboost_system.a */,
				A11647081382A08700859CC6 /* libboost_thread.a */,
				A11647091382A08700859CC6 /* libcairo.a */,
				A116470A1382A08700859CC6 /* libpixman-1.a */,
				A116470B1382A08700859CC6 /* libpng14.a */,
				A116470C1382A08700859CC6 /* libz.a */,
			);
			path = macosx;
			sourceTree = "<group>";
		};
		A116470D1382A08700859CC6 /* msw */ = {
			isa = PBXGroup;
			children = (
				A116470E1382A08700859CC6 /* atls.lib */,
				A116470F1382A08700859CC6 /* atlthunk.lib */,
				A11647101382A08700859CC6 /* cairo-static.lib */,
				A11647111382A08700859CC6 /* libboost_date_time-vc100-mt-s-1_44.lib */,
				A11647121382A08700859CC6 /* libboost_date_time-vc100-mt-sgd-1_44.lib */,
				A11647131382A08700859CC6 /* libboost_date_time-vc90-mt-s-1_44.lib */,
				A11647141382A08700859CC6 /* libboost_date_time-vc90-mt-sgd-1_44.lib */,
				A11647151382A08700859CC6 /* libboost_filesystem-vc100-mt-s-1_44.lib */,
				A11647161382A08700859CC6 /* libboost_filesystem-vc100-mt-sgd-1_44.lib */,
				A11647171382A08700859CC6 /* libboost_filesystem-vc90-mt-s-1_44.lib */,
				A11647181382A08700859CC6 /* libboost_filesystem-vc90-mt-sgd-1_44.lib */,
				A11647191382A08700859CC6 /* libboost_system-vc100-mt-s-1_44.lib */,
				A116471A1382A08700859CC6 /* libboost_system-vc100-mt-sgd-1_44.lib */,
				A116471B1382A08700859CC6 /* libboost_system-vc90-mt-s-1_44.lib */,
				A116471C1382A08700859CC6 /* libboost_system-vc90-mt-sgd-1_44.lib */,
				A116471D1382A08700859CC6 /* libboost_thread-vc100-mt-s-1_44.lib */,
				A116471E1382A08700859CC6 /* libboost_thread-vc100-mt-sgd-1_44.lib */,
				A116471F1382A08700859CC6 /* libboost_thread-vc90-mt-s-1_44.lib */,
				A11647201382A08700859CC6 /* libboost_thread-vc90-mt-sgd-1_44.lib */,
				A11647211382A08700859CC6 /* libpng.lib */,
				A11647221382A08700859CC6 /* pixman-1.lib */,
				A11647231382A08700859CC6 /* Wldap32.Lib */,
				A11647241382A08700859CC6 /* zlib.lib */,
			);
			path = msw;
			sourceTree = "<group>";
		};
		A116474E1382A0A300859CC6 /* include */ = {
			isa = PBXGroup;
			children = (
				A116474F1382A0A300859CC6 /* CinderOpenCV.h */,
				A11647501382A0A300859CC6 /* OpenCV */,
			);
			name = include;
			path = "../lib/Cinder-OpenCV.git/include";
			sourceTree = SOURCE_ROOT;
		};
		A11647501382A0A300859CC6 /* OpenCV */ = {
			isa = PBXGroup;
			children = (
				A11647511382A0A300859CC6 /* cv.h */,
				A11647521382A0A300859CC6 /* cv.hpp */,
				A11647531382A0A300859CC6 /* cvaux.h */,
				A11647541382A0A300859CC6 /* cvaux.hpp */,
				A11647551382A0A300859CC6 /* cvcompat.h */,
				A11647561382A0A300859CC6 /* cvinternal.h */,
				A11647571382A0A300859CC6 /* cvtypes.h */,
				A11647581382A0A300859CC6 /* cvver.h */,
				A11647591382A0A300859CC6 /* cvvidsurv.hpp */,
				A116475A1382A0A300859CC6 /* cvwimage.h */,
				A116475B1382A0A300859CC6 /* cxcore.h */,
				A116475C1382A0A300859CC6 /* cxcore.hpp */,
				A116475D1382A0A300859CC6 /* cxerror.h */,
				A116475E1382A0A300859CC6 /* cxflann.h */,
				A116475F1382A0A300859CC6 /* cxmat.hpp */,
				A11647601382A0A300859CC6 /* cxmisc.h */,
				A11647611382A0A300859CC6 /* cxoperations.hpp */,
				A11647621382A0A300859CC6 /* cxtypes.h */,
				A11647631382A0A300859CC6 /* highgui.h */,
				A11647641382A0A300859CC6 /* highgui.hpp */,
				A11647651382A0A300859CC6 /* ml.h */,
			);
			path = OpenCV;
			sourceTree = "<group>";
		};
		A11647661382A0A300859CC6 /* lib */ = {
			isa = PBXGroup;
			children = (
				A11647671382A0A300859CC6 /* ios */,
				A116476C1382A0A300859CC6 /* ios-sim */,
				A11647711382A0A300859CC6 /* macosx */,
				A11647781382A0A300859CC6 /* vc10 */,
				A11647851382A0A300859CC6 /* vc9 */,
			);
			name = lib;
			path = "../lib/Cinder-OpenCV.git/lib";
			sourceTree = SOURCE_ROOT;
		};
		A11647671382A0A300859CC6 /* ios */ = {
			isa = PBXGroup;
			children = (
				A11647681382A0A300859CC6 /* libcv.a */,
				A11647691382A0A300859CC6 /* libcvaux.a */,
				A116476A1382A0A300859CC6 /* libcxcore.a */,
				A116476B1382A0A300859CC6 /* libml.a */,
			);
			path = ios;
			sourceTree = "<group>";
		};
		A116476C1382A0A300859CC6 /* ios-sim */ = {
			isa = PBXGroup;
			children = (
				A116476D1382A0A300859CC6 /* libcv.a */,
				A116476E1382A0A300859CC6 /* libcvaux.a */,
				A116476F1382A0A300859CC6 /* libcxcore.a */,
				A11647701382A0A300859CC6 /* libml.a */,
			);
			path = "ios-sim";
			sourceTree = "<group>";
		};
		A11647711382A0A300859CC6 /* macosx */ = {
			isa = PBXGroup;
			children = (
				A11647721382A0A300859CC6 /* libcv.a */,
				A11647731382A0A300859CC6 /* libcvaux.a */,
				A11647741382A0A300859CC6 /* libcvhaartraining.a */,
				A11647751382A0A300859CC6 /* libcxcore.a */,
				A11647761382A0A300859CC6 /* libhighgui.a */,
				A11647771382A0A300859CC6 /* libml.a */,
			);
			path = macosx;
			sourceTree = "<group>";
		};
		A11647781382A0A300859CC6 /* vc10 */ = {
			isa = PBXGroup;
			children = (
				A11647791382A0A300859CC6 /* cv210.lib */,
				A116477A1382A0A300859CC6 /* cv210d.lib */,
				A116477B1382A0A300859CC6 /* cvaux210.lib */,
				A116477C1382A0A300859CC6 /* cvaux210d.lib */,
				A116477D1382A0A300859CC6 /* cxcore210.lib */,
				A116477E1382A0A300859CC6 /* cxcore210d.lib */,
				A116477F1382A0A300859CC6 /* flann.lib */,
				A11647801382A0A300859CC6 /* flannd.lib */,
				A11647811382A0A300859CC6 /* ml210.lib */,
				A11647821382A0A300859CC6 /* ml210d.lib */,
				A11647831382A0A300859CC6 /* opencv_lapack.lib */,
				A11647841382A0A300859CC6 /* opencv_lapackd.lib */,
			);
			path = vc10;
			sourceTree = "<group>";
		};
		A11647851382A0A300859CC6 /* vc9 */ = {
			isa = PBXGroup;
			children = (
				A11647861382A0A300859CC6 /* cv210.lib */,
				A11647871382A0A300859CC6 /* cv210d.lib */,
				A11647881382A0A300859CC6 /* cvaux210.lib */,
				A11647891382A0A300859CC6 /* cvaux210d.lib */,
				A116478A1382A0A300859CC6 /* cxcore210.lib */,
				A116478B1382A0A300859CC6 /* cxcore210d.lib */,
				A116478C1382A0A300859CC6 /* flann.lib */,
				A116478D1382A0A300859CC6 /* flannd.lib */,
				A116478E1382A0A300859CC6 /* ml210.lib */,
				A116478F1382A0A300859CC6 /* ml210d.lib */,
				A11647901382A0A300859CC6 /* opencv_lapack.lib */,
				A11647911382A0A300859CC6 /* opencv_lapackd.lib */,
			);
			path = vc9;
			sourceTree = "<group>";
		};
		A1D833111383050C00BF0B35 /* opencv */ = {
			isa = PBXGroup;
			children = (
				A1D833121383050C00BF0B35 /* haarcascade_eye.xml */,
				A1D833131383050C00BF0B35 /* haarcascade_eye_tree_eyeglasses.xml */,
				A1D833141383050C00BF0B35 /* haarcascade_frontalface_alt.xml */,
				A1D833151383050C00BF0B35 /* haarcascade_frontalface_alt2.xml */,
				A1D833161383050C00BF0B35 /* haarcascade_frontalface_alt_tree.xml */,
				A1D833171383050C00BF0B35 /* haarcascade_frontalface_default.xml */,
				A1D833181383050C00BF0B35 /* haarcascade_fullbody.xml */,
				A1D833191383050C00BF0B35 /* haarcascade_lefteye_2splits.xml */,
				A1D8331A1383050C00BF0B35 /* haarcascade_lowerbody.xml */,
				A1D8331B1383050C00BF0B35 /* haarcascade_mcs_eyepair_big.xml */,
				A1D8331C1383050C00BF0B35 /* haarcascade_mcs_eyepair_small.xml */,
				A1D8331D1383050C00BF0B35 /* haarcascade_mcs_lefteye.xml */,
				A1D8331E1383050C00BF0B35 /* haarcascade_mcs_mouth.xml */,
				A1D8331F1383050C00BF0B35 /* haarcascade_mcs_nose.xml */,
				A1D833201383050C00BF0B35 /* haarcascade_mcs_righteye.xml */,
				A1D833211383050C00BF0B35 /* haarcascade_mcs_upperbody.xml */,
				A1D833221383050C00BF0B35 /* haarcascade_profileface.xml */,
				A1D833231383050C00BF0B35 /* haarcascade_righteye_2splits.xml */,
				A1D833241383050C00BF0B35 /* haarcascade_upperbody.xml */,
			);
			name = opencv;
			path = ../resources/opencv;
			sourceTree = SOURCE_ROOT;
		};
/* End PBXGroup section */

/* Begin PBXNativeTarget section */
		8D1107260486CEB800E47090 /* targeter */ = {
			isa = PBXNativeTarget;
			buildConfigurationList = C01FCF4A08A954540054247B /* Build configuration list for PBXNativeTarget "targeter" */;
			buildPhases = (
				8D1107290486CEB800E47090 /* Resources */,
				8D11072C0486CEB800E47090 /* Sources */,
				8D11072E0486CEB800E47090 /* Frameworks */,
			);
			buildRules = (
			);
			dependencies = (
			);
			name = targeter;
			productInstallPath = "$(HOME)/Applications";
			productName = targeter;
			productReference = 8D1107320486CEB800E47090 /* targeter.app */;
			productType = "com.apple.product-type.application";
		};
/* End PBXNativeTarget section */

/* Begin PBXProject section */
		29B97313FDCFA39411CA2CEA /* Project object */ = {
			isa = PBXProject;
			buildConfigurationList = C01FCF4E08A954540054247B /* Build configuration list for PBXProject "targeter" */;
			compatibilityVersion = "Xcode 3.0";
			developmentRegion = English;
			hasScannedForEncodings = 1;
			knownRegions = (
				English,
				Japanese,
				French,
				German,
			);
			mainGroup = 29B97314FDCFA39411CA2CEA /* targeter */;
			projectDirPath = "";
			projectRoot = "";
			targets = (
				8D1107260486CEB800E47090 /* targeter */,
			);
		};
/* End PBXProject section */

/* Begin PBXResourcesBuildPhase section */
		8D1107290486CEB800E47090 /* Resources */ = {
			isa = PBXResourcesBuildPhase;
			buildActionMask = 2147483647;
			files = (
				00CCAF15116A9FEE008396D5 /* CinderApp.icns in Resources */,
				A116463B1381D00100859CC6 /* aGest.xml in Resources */,
				A1D833251383050C00BF0B35 /* haarcascade_eye.xml in Resources */,
				A1D833261383050C00BF0B35 /* haarcascade_eye_tree_eyeglasses.xml in Resources */,
				A1D833271383050C00BF0B35 /* haarcascade_frontalface_alt.xml in Resources */,
				A1D833281383050C00BF0B35 /* haarcascade_frontalface_alt2.xml in Resources */,
				A1D833291383050C00BF0B35 /* haarcascade_frontalface_alt_tree.xml in Resources */,
				A1D8332A1383050C00BF0B35 /* haarcascade_frontalface_default.xml in Resources */,
				A1D8332B1383050C00BF0B35 /* haarcascade_fullbody.xml in Resources */,
				A1D8332C1383050C00BF0B35 /* haarcascade_lefteye_2splits.xml in Resources */,
				A1D8332D1383050C00BF0B35 /* haarcascade_lowerbody.xml in Resources */,
				A1D8332E1383050C00BF0B35 /* haarcascade_mcs_eyepair_big.xml in Resources */,
				A1D8332F1383050C00BF0B35 /* haarcascade_mcs_eyepair_small.xml in Resources */,
				A1D833301383050C00BF0B35 /* haarcascade_mcs_lefteye.xml in Resources */,
				A1D833311383050C00BF0B35 /* haarcascade_mcs_mouth.xml in Resources */,
				A1D833321383050C00BF0B35 /* haarcascade_mcs_nose.xml in Resources */,
				A1D833331383050C00BF0B35 /* haarcascade_mcs_righteye.xml in Resources */,
				A1D833341383050C00BF0B35 /* haarcascade_mcs_upperbody.xml in Resources */,
				A1D833351383050C00BF0B35 /* haarcascade_profileface.xml in Resources */,
				A1D833361383050C00BF0B35 /* haarcascade_righteye_2splits.xml in Resources */,
				A1D833371383050C00BF0B35 /* haarcascade_upperbody.xml in Resources */,
			);
			runOnlyForDeploymentPostprocessing = 0;
		};
/* End PBXResourcesBuildPhase section */

/* Begin PBXSourcesBuildPhase section */
		8D11072C0486CEB800E47090 /* Sources */ = {
			isa = PBXSourcesBuildPhase;
			buildActionMask = 2147483647;
			files = (
				00BAE65A0E7ED9C10018A608 /* targeterApp.cpp in Sources */,
				A1164451137FBE5100859CC6 /* CapturingDevice.cpp in Sources */,
				A11644FB13804C2600859CC6 /* ImageScanner.cpp in Sources */,
			);
			runOnlyForDeploymentPostprocessing = 0;
		};
/* End PBXSourcesBuildPhase section */

/* Begin XCBuildConfiguration section */
		C01FCF4B08A954540054247B /* Debug */ = {
			isa = XCBuildConfiguration;
			buildSettings = {
				COPY_PHASE_STRIP = NO;
				GCC_DYNAMIC_NO_PIC = NO;
				GCC_ENABLE_FIX_AND_CONTINUE = YES;
				GCC_INLINES_ARE_PRIVATE_EXTERN = YES;
				GCC_MODEL_TUNING = G5;
				GCC_OPTIMIZATION_LEVEL = 0;
				GCC_PRECOMPILE_PREFIX_HEADER = YES;
				GCC_PREFIX_HEADER = targeter_Prefix.pch;
				GCC_SYMBOLS_PRIVATE_EXTERN = NO;
				INFOPLIST_FILE = Info.plist;
				INSTALL_PATH = "$(HOME)/Applications";
				LIBRARY_SEARCH_PATHS = (
					"$(inherited)",
					"\"$(SRCROOT)/../../../cpp/cinder.git/lib/ios\"",
					"\"$(SRCROOT)/../../../cpp/cinder.git/lib/ios-sim\"",
					"\"$(SRCROOT)/../../../cpp/cinder.git/lib\"",
					"\"$(SRCROOT)/../../../cpp/cinder.git/lib/macosx\"",
					"\"$(SRCROOT)/../../../cpp/Cinder-OpenCV.git/lib/macosx\"",
					"\"$(SRCROOT)/../lib/cinder.git/lib/ios\"",
					"\"$(SRCROOT)/../lib/cinder.git/lib/ios-sim\"",
					"\"$(SRCROOT)/../lib/cinder.git/lib/macosx\"",
					"\"$(SRCROOT)/../lib/cinder.git/lib/msw\"",
					"\"$(SRCROOT)/../lib/Cinder-OpenCV.git/lib/ios\"",
					"\"$(SRCROOT)/../lib/Cinder-OpenCV.git/lib/ios-sim\"",
					"\"$(SRCROOT)/../lib/Cinder-OpenCV.git/lib/macosx\"",
					"\"$(SRCROOT)/../lib/Cinder-OpenCV.git/lib/vc10\"",
					"\"$(SRCROOT)/../lib/Cinder-OpenCV.git/lib/vc9\"",
				);
				OTHER_LDFLAGS = "\"$(CINDER_PATH)/lib/libcinder_d.a\"";
				PRODUCT_NAME = targeter;
				WRAPPER_EXTENSION = app;
			};
			name = Debug;
		};
		C01FCF4C08A954540054247B /* Release */ = {
			isa = XCBuildConfiguration;
			buildSettings = {
				DEAD_CODE_STRIPPING = YES;
				DEBUG_INFORMATION_FORMAT = "dwarf-with-dsym";
				GCC_FAST_MATH = YES;
				GCC_GENERATE_DEBUGGING_SYMBOLS = NO;
				GCC_INLINES_ARE_PRIVATE_EXTERN = YES;
				GCC_MODEL_TUNING = G5;
				GCC_OPTIMIZATION_LEVEL = 3;
				GCC_PRECOMPILE_PREFIX_HEADER = YES;
				GCC_PREFIX_HEADER = targeter_Prefix.pch;
				GCC_SYMBOLS_PRIVATE_EXTERN = NO;
				INFOPLIST_FILE = Info.plist;
				INSTALL_PATH = "$(HOME)/Applications";
				LIBRARY_SEARCH_PATHS = (
					"$(inherited)",
					"\"$(SRCROOT)/../../../cpp/cinder.git/lib/ios\"",
					"\"$(SRCROOT)/../../../cpp/cinder.git/lib/ios-sim\"",
					"\"$(SRCROOT)/../../../cpp/cinder.git/lib\"",
					"\"$(SRCROOT)/../../../cpp/cinder.git/lib/macosx\"",
					"\"$(SRCROOT)/../../../cpp/Cinder-OpenCV.git/lib/macosx\"",
					"\"$(SRCROOT)/../lib/cinder.git/lib/ios\"",
					"\"$(SRCROOT)/../lib/cinder.git/lib/ios-sim\"",
					"\"$(SRCROOT)/../lib/cinder.git/lib/macosx\"",
					"\"$(SRCROOT)/../lib/cinder.git/lib/msw\"",
					"\"$(SRCROOT)/../lib/Cinder-OpenCV.git/lib/ios\"",
					"\"$(SRCROOT)/../lib/Cinder-OpenCV.git/lib/ios-sim\"",
					"\"$(SRCROOT)/../lib/Cinder-OpenCV.git/lib/macosx\"",
					"\"$(SRCROOT)/../lib/Cinder-OpenCV.git/lib/vc10\"",
					"\"$(SRCROOT)/../lib/Cinder-OpenCV.git/lib/vc9\"",
				);
				OTHER_LDFLAGS = "\"$(CINDER_PATH)/lib/libcinder.a\"";
				PRODUCT_NAME = targeter;
				STRIP_INSTALLED_PRODUCT = YES;
				WRAPPER_EXTENSION = app;
			};
			name = Release;
		};
		C01FCF4F08A954540054247B /* Debug */ = {
			isa = XCBuildConfiguration;
			buildSettings = {
				ALWAYS_SEARCH_USER_PATHS = NO;
				ARCHS = "$(ARCHS_STANDARD_32_BIT_PRE_XCODE_3_1)";
				ARCHS_STANDARD_32_BIT_PRE_XCODE_3_1 = "ppc i386";
				CINDER_PATH = ../lib/cinder.git;
				GCC_WARN_ABOUT_RETURN_TYPE = YES;
				GCC_WARN_UNUSED_VARIABLE = YES;
				HEADER_SEARCH_PATHS = "$(HOME)/cpp/boost";
				MACOSX_DEPLOYMENT_TARGET = 10.5;
				PREBINDING = NO;
				SDKROOT = macosx;
				USER_HEADER_SEARCH_PATHS = "../include $(CINDER_PATH)/include";
				VALID_ARCHS = "i386 x86_64";
			};
			name = Debug;
		};
		C01FCF5008A954540054247B /* Release */ = {
			isa = XCBuildConfiguration;
			buildSettings = {
				ALWAYS_SEARCH_USER_PATHS = NO;
				ARCHS = "$(ARCHS_STANDARD_32_BIT_PRE_XCODE_3_1)";
				ARCHS_STANDARD_32_BIT_PRE_XCODE_3_1 = "ppc i386";
				CINDER_PATH = ../lib/cinder.git;
				GCC_WARN_ABOUT_RETURN_TYPE = YES;
				GCC_WARN_UNUSED_VARIABLE = YES;
				HEADER_SEARCH_PATHS = "$(HOME)/cpp/boost";
				MACOSX_DEPLOYMENT_TARGET = 10.5;
				PREBINDING = NO;
				SDKROOT = macosx;
				USER_HEADER_SEARCH_PATHS = "../include $(CINDER_PATH)/include";
				VALID_ARCHS = "i386 x86_64";
			};
			name = Release;
		};
/* End XCBuildConfiguration section */

/* Begin XCConfigurationList section */
		C01FCF4A08A954540054247B /* Build configuration list for PBXNativeTarget "targeter" */ = {
			isa = XCConfigurationList;
			buildConfigurations = (
				C01FCF4B08A954540054247B /* Debug */,
				C01FCF4C08A954540054247B /* Release */,
			);
			defaultConfigurationIsVisible = 0;
			defaultConfigurationName = Release;
		};
		C01FCF4E08A954540054247B /* Build configuration list for PBXProject "targeter" */ = {
			isa = XCConfigurationList;
			buildConfigurations = (
				C01FCF4F08A954540054247B /* Debug */,
				C01FCF5008A954540054247B /* Release */,
			);
			defaultConfigurationIsVisible = 0;
			defaultConfigurationName = Release;
		};
/* End XCConfigurationList section */
	};
	rootObject = 29B97313FDCFA39411CA2CEA /* Project object */;
}
